
Microsoft Visual Studio Solution File, Format Version 12.00
# Visual Studio Version 17
VisualStudioVersion = 17.6.33829.357
MinimumVisualStudioVersion = 10.0.40219.1
Project("{FAE04EC0-301F-11D3-BF4B-00C04F79EFBC}") = "CatalogStudenti_2024", "CatalogStudenti_2024\CatalogStudenti_2024.csproj", "{F49A321D-6499-4771-8905-64A93EC5A2DD}"
EndProject
Global
	GlobalSection(SolutionConfigurationPlatforms) = preSolution
		Debug|Any CPU = Debug|Any CPU
		Release|Any CPU = Release|Any CPU
	EndGlobalSection
	GlobalSection(ProjectConfigurationPlatforms) = postSolution
		{F49A321D-6499-4771-8905-64A93EC5A2DD}.Debug|Any CPU.ActiveCfg = Debug|Any CPU
		{F49A321D-6499-4771-8905-64A93EC5A2DD}.Debug|Any CPU.Build.0 = Debug|Any CPU
		{F49A321D-6499-4771-8905-64A93EC5A2DD}.Release|Any CPU.ActiveCfg = Release|Any CPU
		{F49A321D-6499-4771-8905-64A93EC5A2DD}.Release|Any CPU.Build.0 = Release|Any CPU
	EndGlobalSection
	GlobalSection(SolutionProperties) = preSolution
		HideSolutionNode = FALSE
	EndGlobalSection
	GlobalSection(ExtensibilityGlobals) = postSolution
		SolutionGuid = {20B47CC5-6852-448C-8AD4-E0484BA1B6A2}
	EndGlobalSection
EndGlobal
